
Microsoft Visual Studio Solution File, Format Version 12.00
# Visual Studio Version 16
VisualStudioVersion = 16.0.29306.81
MinimumVisualStudioVersion = 10.0.40219.1
Project("{FAE04EC0-301F-11D3-BF4B-00C04F79EFBC}") = "TrabajoPractico_DB", "TrabajoPractico_DB\TrabajoPractico_DB.csproj", "{7AFD6827-1A2F-47C2-9E7C-008DFA25B8AB}"
EndProject
Global
	GlobalSection(SolutionConfigurationPlatforms) = preSolution
		Debug|Any CPU = Debug|Any CPU
		Release|Any CPU = Release|Any CPU
	EndGlobalSection
	GlobalSection(ProjectConfigurationPlatforms) = postSolution
		{7AFD6827-1A2F-47C2-9E7C-008DFA25B8AB}.Debug|Any CPU.ActiveCfg = Debug|Any CPU
		{7AFD6827-1A2F-47C2-9E7C-008DFA25B8AB}.Debug|Any CPU.Build.0 = Debug|Any CPU
		{7AFD6827-1A2F-47C2-9E7C-008DFA25B8AB}.Release|Any CPU.ActiveCfg = Release|Any CPU
		{7AFD6827-1A2F-47C2-9E7C-008DFA25B8AB}.Release|Any CPU.Build.0 = Release|Any CPU
	EndGlobalSection
	GlobalSection(SolutionProperties) = preSolution
		HideSolutionNode = FALSE
	EndGlobalSection
	GlobalSection(ExtensibilityGlobals) = postSolution
		SolutionGuid = {26D7DEC0-C3F8-4AAF-85B2-54991FF724E5}
	EndGlobalSection
EndGlobal
